// !$*UTF8*$!
{
	archiveVersion = 1;
	classes = {
	};
	objectVersion = 56;
	objects = {

/* Begin PBXBuildFile section */
		62216FB72BE2848E00FA68BE /* WeatherAPI.swift in Sources */ = {isa = PBXBuildFile; fileRef = 62216FB62BE2848E00FA68BE /* WeatherAPI.swift */; };
		62216FBC2BE28C9800FA68BE /* KeychainAccess in Frameworks */ = {isa = PBXBuildFile; productRef = 62216FBB2BE28C9800FA68BE /* KeychainAccess */; };
		62216FBE2BE28FAF00FA68BE /* HomeModel.swift in Sources */ = {isa = PBXBuildFile; fileRef = 62216FBD2BE28FAF00FA68BE /* HomeModel.swift */; };
		62216FC02BE2E93C00FA68BE /* WeatherTableViewCell.swift in Sources */ = {isa = PBXBuildFile; fileRef = 62216FBF2BE2E93C00FA68BE /* WeatherTableViewCell.swift */; };
		62216FC22BE4025F00FA68BE /* CoreDataStack.swift in Sources */ = {isa = PBXBuildFile; fileRef = 62216FC12BE4025F00FA68BE /* CoreDataStack.swift */; };
		62216FC42BE4028500FA68BE /* DataManager.swift in Sources */ = {isa = PBXBuildFile; fileRef = 62216FC32BE4028500FA68BE /* DataManager.swift */; };
		62216FC72BE4FD2A00FA68BE /* WeatherViewController.swift in Sources */ = {isa = PBXBuildFile; fileRef = 62216FC62BE4FD2A00FA68BE /* WeatherViewController.swift */; };
		62216FC92BE4FD3900FA68BE /* WeatherViewModel.swift in Sources */ = {isa = PBXBuildFile; fileRef = 62216FC82BE4FD3900FA68BE /* WeatherViewModel.swift */; };
		62216FCB2BE4FD4700FA68BE /* WeatherScreenBuilder.swift in Sources */ = {isa = PBXBuildFile; fileRef = 62216FCA2BE4FD4700FA68BE /* WeatherScreenBuilder.swift */; };
		62216FCE2BE512C000FA68BE /* HourlyCollectionViewCell.swift in Sources */ = {isa = PBXBuildFile; fileRef = 62216FCD2BE512C000FA68BE /* HourlyCollectionViewCell.swift */; };
		62216FD02BE5144B00FA68BE /* WeatherModel.swift in Sources */ = {isa = PBXBuildFile; fileRef = 62216FCF2BE5144B00FA68BE /* WeatherModel.swift */; };
		623E0EC32BDFC1FC00D79B06 /* AppDelegate.swift in Sources */ = {isa = PBXBuildFile; fileRef = 623E0EC22BDFC1FC00D79B06 /* AppDelegate.swift */; };
		623E0EC52BDFC1FC00D79B06 /* SceneDelegate.swift in Sources */ = {isa = PBXBuildFile; fileRef = 623E0EC42BDFC1FC00D79B06 /* SceneDelegate.swift */; };
		623E0ECD2BDFC1FC00D79B06 /* Weather.xcdatamodeld in Sources */ = {isa = PBXBuildFile; fileRef = 623E0ECB2BDFC1FC00D79B06 /* Weather.xcdatamodeld */; };
		623E0ECF2BDFC1FC00D79B06 /* Assets.xcassets in Resources */ = {isa = PBXBuildFile; fileRef = 623E0ECE2BDFC1FC00D79B06 /* Assets.xcassets */; };
		623E0EDD2BDFC1FD00D79B06 /* WeatherTests.swift in Sources */ = {isa = PBXBuildFile; fileRef = 623E0EDC2BDFC1FD00D79B06 /* WeatherTests.swift */; };
		623E0EFB2BDFC2EB00D79B06 /* SplashViewController.swift in Sources */ = {isa = PBXBuildFile; fileRef = 623E0EFA2BDFC2EB00D79B06 /* SplashViewController.swift */; };
		623E0EFF2BDFC74100D79B06 /* ShowAlert.swift in Sources */ = {isa = PBXBuildFile; fileRef = 623E0EFE2BDFC74100D79B06 /* ShowAlert.swift */; };
		623E0F012BDFC7AE00D79B06 /* SplashViewModel.swift in Sources */ = {isa = PBXBuildFile; fileRef = 623E0F002BDFC7AE00D79B06 /* SplashViewModel.swift */; };
		623E0F042BDFE73200D79B06 /* HomeViewController.swift in Sources */ = {isa = PBXBuildFile; fileRef = 623E0F032BDFE73200D79B06 /* HomeViewController.swift */; };
		623E0F092BDFE90D00D79B06 /* SplashScreenBuilder.swift in Sources */ = {isa = PBXBuildFile; fileRef = 623E0F082BDFE90D00D79B06 /* SplashScreenBuilder.swift */; };
		623E0F0B2BDFEB7800D79B06 /* HomeViewModel.swift in Sources */ = {isa = PBXBuildFile; fileRef = 623E0F0A2BDFEB7800D79B06 /* HomeViewModel.swift */; };
		623E0F0D2BDFEBE800D79B06 /* HomeScreenBuilder.swift in Sources */ = {isa = PBXBuildFile; fileRef = 623E0F0C2BDFEBE800D79B06 /* HomeScreenBuilder.swift */; };
		6252BDE22BE71106009C15C7 /* DailyTableViewCell.swift in Sources */ = {isa = PBXBuildFile; fileRef = 6252BDE12BE71106009C15C7 /* DailyTableViewCell.swift */; };
		6252BDE52BE8DE88009C15C7 /* LoadingView.swift in Sources */ = {isa = PBXBuildFile; fileRef = 6252BDE42BE8DE88009C15C7 /* LoadingView.swift */; };
		6252BDE72BE8F45A009C15C7 /* Extensions.swift in Sources */ = {isa = PBXBuildFile; fileRef = 6252BDE62BE8F45A009C15C7 /* Extensions.swift */; };
		6260DB352BE26B53006EB110 /* NetworkService.swift in Sources */ = {isa = PBXBuildFile; fileRef = 6260DB342BE26B53006EB110 /* NetworkService.swift */; };
		6260DB382BE26BA5006EB110 /* CombineMoya in Frameworks */ = {isa = PBXBuildFile; productRef = 6260DB372BE26BA5006EB110 /* CombineMoya */; };
		6260DB3A2BE26BA5006EB110 /* Moya in Frameworks */ = {isa = PBXBuildFile; productRef = 6260DB392BE26BA5006EB110 /* Moya */; };
		6260DB3C2BE26BA5006EB110 /* ReactiveMoya in Frameworks */ = {isa = PBXBuildFile; productRef = 6260DB3B2BE26BA5006EB110 /* ReactiveMoya */; };
		6260DB3E2BE26BA5006EB110 /* RxMoya in Frameworks */ = {isa = PBXBuildFile; productRef = 6260DB3D2BE26BA5006EB110 /* RxMoya */; };
/* End PBXBuildFile section */

/* Begin PBXContainerItemProxy section */
		623E0ED92BDFC1FD00D79B06 /* PBXContainerItemProxy */ = {
			isa = PBXContainerItemProxy;
			containerPortal = 623E0EB72BDFC1FB00D79B06 /* Project object */;
			proxyType = 1;
			remoteGlobalIDString = 623E0EBE2BDFC1FB00D79B06;
			remoteInfo = Weather;
		};
/* End PBXContainerItemProxy section */

/* Begin PBXFileReference section */
		62216FB62BE2848E00FA68BE /* WeatherAPI.swift */ = {isa = PBXFileReference; lastKnownFileType = sourcecode.swift; path = WeatherAPI.swift; sourceTree = "<group>"; };
		62216FBD2BE28FAF00FA68BE /* HomeModel.swift */ = {isa = PBXFileReference; lastKnownFileType = sourcecode.swift; path = HomeModel.swift; sourceTree = "<group>"; };
		62216FBF2BE2E93C00FA68BE /* WeatherTableViewCell.swift */ = {isa = PBXFileReference; lastKnownFileType = sourcecode.swift; path = WeatherTableViewCell.swift; sourceTree = "<group>"; };
		62216FC12BE4025F00FA68BE /* CoreDataStack.swift */ = {isa = PBXFileReference; lastKnownFileType = sourcecode.swift; path = CoreDataStack.swift; sourceTree = "<group>"; };
		62216FC32BE4028500FA68BE /* DataManager.swift */ = {isa = PBXFileReference; lastKnownFileType = sourcecode.swift; path = DataManager.swift; sourceTree = "<group>"; };
		62216FC62BE4FD2A00FA68BE /* WeatherViewController.swift */ = {isa = PBXFileReference; lastKnownFileType = sourcecode.swift; path = WeatherViewController.swift; sourceTree = "<group>"; };
		62216FC82BE4FD3900FA68BE /* WeatherViewModel.swift */ = {isa = PBXFileReference; lastKnownFileType = sourcecode.swift; path = WeatherViewModel.swift; sourceTree = "<group>"; };
		62216FCA2BE4FD4700FA68BE /* WeatherScreenBuilder.swift */ = {isa = PBXFileReference; lastKnownFileType = sourcecode.swift; path = WeatherScreenBuilder.swift; sourceTree = "<group>"; };
		62216FCD2BE512C000FA68BE /* HourlyCollectionViewCell.swift */ = {isa = PBXFileReference; lastKnownFileType = sourcecode.swift; path = HourlyCollectionViewCell.swift; sourceTree = "<group>"; };
		62216FCF2BE5144B00FA68BE /* WeatherModel.swift */ = {isa = PBXFileReference; lastKnownFileType = sourcecode.swift; path = WeatherModel.swift; sourceTree = "<group>"; };
		623E0EBF2BDFC1FC00D79B06 /* Weather.app */ = {isa = PBXFileReference; explicitFileType = wrapper.application; includeInIndex = 0; path = Weather.app; sourceTree = BUILT_PRODUCTS_DIR; };
		623E0EC22BDFC1FC00D79B06 /* AppDelegate.swift */ = {isa = PBXFileReference; lastKnownFileType = sourcecode.swift; path = AppDelegate.swift; sourceTree = "<group>"; };
		623E0EC42BDFC1FC00D79B06 /* SceneDelegate.swift */ = {isa = PBXFileReference; lastKnownFileType = sourcecode.swift; path = SceneDelegate.swift; sourceTree = "<group>"; };
		623E0ECC2BDFC1FC00D79B06 /* Weather.xcdatamodel */ = {isa = PBXFileReference; lastKnownFileType = wrapper.xcdatamodel; path = Weather.xcdatamodel; sourceTree = "<group>"; };
		623E0ECE2BDFC1FC00D79B06 /* Assets.xcassets */ = {isa = PBXFileReference; lastKnownFileType = folder.assetcatalog; path = Assets.xcassets; sourceTree = "<group>"; };
		623E0ED32BDFC1FC00D79B06 /* Info.plist */ = {isa = PBXFileReference; lastKnownFileType = text.plist.xml; path = Info.plist; sourceTree = "<group>"; };
		623E0ED82BDFC1FD00D79B06 /* WeatherTests.xctest */ = {isa = PBXFileReference; explicitFileType = wrapper.cfbundle; includeInIndex = 0; path = WeatherTests.xctest; sourceTree = BUILT_PRODUCTS_DIR; };
		623E0EDC2BDFC1FD00D79B06 /* WeatherTests.swift */ = {isa = PBXFileReference; lastKnownFileType = sourcecode.swift; path = WeatherTests.swift; sourceTree = "<group>"; };
		623E0EFA2BDFC2EB00D79B06 /* SplashViewController.swift */ = {isa = PBXFileReference; lastKnownFileType = sourcecode.swift; path = SplashViewController.swift; sourceTree = "<group>"; };
		623E0EFE2BDFC74100D79B06 /* ShowAlert.swift */ = {isa = PBXFileReference; lastKnownFileType = sourcecode.swift; path = ShowAlert.swift; sourceTree = "<group>"; };
		623E0F002BDFC7AE00D79B06 /* SplashViewModel.swift */ = {isa = PBXFileReference; lastKnownFileType = sourcecode.swift; path = SplashViewModel.swift; sourceTree = "<group>"; };
		623E0F032BDFE73200D79B06 /* HomeViewController.swift */ = {isa = PBXFileReference; lastKnownFileType = sourcecode.swift; path = HomeViewController.swift; sourceTree = "<group>"; };
		623E0F082BDFE90D00D79B06 /* SplashScreenBuilder.swift */ = {isa = PBXFileReference; lastKnownFileType = sourcecode.swift; path = SplashScreenBuilder.swift; sourceTree = "<group>"; };
		623E0F0A2BDFEB7800D79B06 /* HomeViewModel.swift */ = {isa = PBXFileReference; lastKnownFileType = sourcecode.swift; path = HomeViewModel.swift; sourceTree = "<group>"; };
		623E0F0C2BDFEBE800D79B06 /* HomeScreenBuilder.swift */ = {isa = PBXFileReference; lastKnownFileType = sourcecode.swift; path = HomeScreenBuilder.swift; sourceTree = "<group>"; };
		6252BDE12BE71106009C15C7 /* DailyTableViewCell.swift */ = {isa = PBXFileReference; lastKnownFileType = sourcecode.swift; path = DailyTableViewCell.swift; sourceTree = "<group>"; };
		6252BDE42BE8DE88009C15C7 /* LoadingView.swift */ = {isa = PBXFileReference; lastKnownFileType = sourcecode.swift; path = LoadingView.swift; sourceTree = "<group>"; };
		6252BDE62BE8F45A009C15C7 /* Extensions.swift */ = {isa = PBXFileReference; lastKnownFileType = sourcecode.swift; path = Extensions.swift; sourceTree = "<group>"; };
		6260DB342BE26B53006EB110 /* NetworkService.swift */ = {isa = PBXFileReference; lastKnownFileType = sourcecode.swift; path = NetworkService.swift; sourceTree = "<group>"; };
/* End PBXFileReference section */

/* Begin PBXFrameworksBuildPhase section */
		623E0EBC2BDFC1FB00D79B06 /* Frameworks */ = {
			isa = PBXFrameworksBuildPhase;
			buildActionMask = 2147483647;
			files = (
				6260DB3A2BE26BA5006EB110 /* Moya in Frameworks */,
				6260DB382BE26BA5006EB110 /* CombineMoya in Frameworks */,
				6260DB3E2BE26BA5006EB110 /* RxMoya in Frameworks */,
				6260DB3C2BE26BA5006EB110 /* ReactiveMoya in Frameworks */,
				62216FBC2BE28C9800FA68BE /* KeychainAccess in Frameworks */,
			);
			runOnlyForDeploymentPostprocessing = 0;
		};
		623E0ED52BDFC1FD00D79B06 /* Frameworks */ = {
			isa = PBXFrameworksBuildPhase;
			buildActionMask = 2147483647;
			files = (
			);
			runOnlyForDeploymentPostprocessing = 0;
		};
/* End PBXFrameworksBuildPhase section */

/* Begin PBXGroup section */
		62216FB52BE2847700FA68BE /* DTO */ = {
			isa = PBXGroup;
			children = (
				62216FB62BE2848E00FA68BE /* WeatherAPI.swift */,
			);
			path = DTO;
			sourceTree = "<group>";
		};
		62216FC52BE4FD0E00FA68BE /* WeatherScreen */ = {
			isa = PBXGroup;
			children = (
				62216FCC2BE512A600FA68BE /* Cells */,
				62216FC62BE4FD2A00FA68BE /* WeatherViewController.swift */,
				62216FC82BE4FD3900FA68BE /* WeatherViewModel.swift */,
				62216FCA2BE4FD4700FA68BE /* WeatherScreenBuilder.swift */,
				62216FCF2BE5144B00FA68BE /* WeatherModel.swift */,
			);
			path = WeatherScreen;
			sourceTree = "<group>";
		};
		62216FCC2BE512A600FA68BE /* Cells */ = {
			isa = PBXGroup;
			children = (
				62216FCD2BE512C000FA68BE /* HourlyCollectionViewCell.swift */,
				6252BDE12BE71106009C15C7 /* DailyTableViewCell.swift */,
			);
			path = Cells;
			sourceTree = "<group>";
		};
		623E0EB62BDFC1FB00D79B06 = {
			isa = PBXGroup;
			children = (
				623E0EC12BDFC1FC00D79B06 /* Weather */,
				623E0EDB2BDFC1FD00D79B06 /* WeatherTests */,
				623E0EC02BDFC1FC00D79B06 /* Products */,
			);
			sourceTree = "<group>";
		};
		623E0EC02BDFC1FC00D79B06 /* Products */ = {
			isa = PBXGroup;
			children = (
				623E0EBF2BDFC1FC00D79B06 /* Weather.app */,
				623E0ED82BDFC1FD00D79B06 /* WeatherTests.xctest */,
			);
			name = Products;
			sourceTree = "<group>";
		};
		623E0EC12BDFC1FC00D79B06 /* Weather */ = {
			isa = PBXGroup;
			children = (
				623E0EFC2BDFC70E00D79B06 /* Utils */,
				623E0EF82BDFC2D400D79B06 /* Modules */,
				623E0EF72BDFC29700D79B06 /* Resources */,
				623E0EF62BDFC23100D79B06 /* CoreData */,
				623E0EF52BDFC22500D79B06 /* App */,
				6260DB332BE26B39006EB110 /* Network */,
			);
			path = Weather;
			sourceTree = "<group>";
		};
		623E0EDB2BDFC1FD00D79B06 /* WeatherTests */ = {
			isa = PBXGroup;
			children = (
				623E0EDC2BDFC1FD00D79B06 /* WeatherTests.swift */,
			);
			path = WeatherTests;
			sourceTree = "<group>";
		};
		623E0EF52BDFC22500D79B06 /* App */ = {
			isa = PBXGroup;
			children = (
				623E0ED32BDFC1FC00D79B06 /* Info.plist */,
				623E0EC22BDFC1FC00D79B06 /* AppDelegate.swift */,
				623E0EC42BDFC1FC00D79B06 /* SceneDelegate.swift */,
			);
			path = App;
			sourceTree = "<group>";
		};
		623E0EF62BDFC23100D79B06 /* CoreData */ = {
			isa = PBXGroup;
			children = (
				623E0ECB2BDFC1FC00D79B06 /* Weather.xcdatamodeld */,
				62216FC12BE4025F00FA68BE /* CoreDataStack.swift */,
				62216FC32BE4028500FA68BE /* DataManager.swift */,
			);
			path = CoreData;
			sourceTree = "<group>";
		};
		623E0EF72BDFC29700D79B06 /* Resources */ = {
			isa = PBXGroup;
			children = (
				623E0ECE2BDFC1FC00D79B06 /* Assets.xcassets */,
			);
			path = Resources;
			sourceTree = "<group>";
		};
		623E0EF82BDFC2D400D79B06 /* Modules */ = {
			isa = PBXGroup;
			children = (
				62216FC52BE4FD0E00FA68BE /* WeatherScreen */,
				623E0F022BDFE71F00D79B06 /* HomeScreen */,
				623E0EF92BDFC2DA00D79B06 /* SplashScreen */,
			);
			path = Modules;
			sourceTree = "<group>";
		};
		623E0EF92BDFC2DA00D79B06 /* SplashScreen */ = {
			isa = PBXGroup;
			children = (
				623E0EFA2BDFC2EB00D79B06 /* SplashViewController.swift */,
				623E0F002BDFC7AE00D79B06 /* SplashViewModel.swift */,
				623E0F082BDFE90D00D79B06 /* SplashScreenBuilder.swift */,
			);
			path = SplashScreen;
			sourceTree = "<group>";
		};
		623E0EFC2BDFC70E00D79B06 /* Utils */ = {
			isa = PBXGroup;
			children = (
				623E0EFE2BDFC74100D79B06 /* ShowAlert.swift */,
				6252BDE42BE8DE88009C15C7 /* LoadingView.swift */,
				6252BDE62BE8F45A009C15C7 /* Extensions.swift */,
			);
			path = Utils;
			sourceTree = "<group>";
		};
		623E0F022BDFE71F00D79B06 /* HomeScreen */ = {
			isa = PBXGroup;
			children = (
				623E0F0E2BE01AA300D79B06 /* Cell */,
				623E0F032BDFE73200D79B06 /* HomeViewController.swift */,
				623E0F0A2BDFEB7800D79B06 /* HomeViewModel.swift */,
				623E0F0C2BDFEBE800D79B06 /* HomeScreenBuilder.swift */,
				62216FBD2BE28FAF00FA68BE /* HomeModel.swift */,
			);
			path = HomeScreen;
			sourceTree = "<group>";
		};
		623E0F0E2BE01AA300D79B06 /* Cell */ = {
			isa = PBXGroup;
			children = (
				62216FBF2BE2E93C00FA68BE /* WeatherTableViewCell.swift */,
			);
			path = Cell;
			sourceTree = "<group>";
		};
		6260DB332BE26B39006EB110 /* Network */ = {
			isa = PBXGroup;
			children = (
				62216FB52BE2847700FA68BE /* DTO */,
				6260DB342BE26B53006EB110 /* NetworkService.swift */,
			);
			path = Network;
			sourceTree = "<group>";
		};
/* End PBXGroup section */

/* Begin PBXNativeTarget section */
		623E0EBE2BDFC1FB00D79B06 /* Weather */ = {
			isa = PBXNativeTarget;
			buildConfigurationList = 623E0EEC2BDFC1FD00D79B06 /* Build configuration list for PBXNativeTarget "Weather" */;
			buildPhases = (
				623E0EBB2BDFC1FB00D79B06 /* Sources */,
				623E0EBC2BDFC1FB00D79B06 /* Frameworks */,
				623E0EBD2BDFC1FB00D79B06 /* Resources */,
			);
			buildRules = (
			);
			dependencies = (
			);
			name = Weather;
			packageProductDependencies = (
				6260DB372BE26BA5006EB110 /* CombineMoya */,
				6260DB392BE26BA5006EB110 /* Moya */,
				6260DB3B2BE26BA5006EB110 /* ReactiveMoya */,
				6260DB3D2BE26BA5006EB110 /* RxMoya */,
				62216FBB2BE28C9800FA68BE /* KeychainAccess */,
			);
			productName = Weather;
			productReference = 623E0EBF2BDFC1FC00D79B06 /* Weather.app */;
			productType = "com.apple.product-type.application";
		};
		623E0ED72BDFC1FD00D79B06 /* WeatherTests */ = {
			isa = PBXNativeTarget;
			buildConfigurationList = 623E0EEF2BDFC1FD00D79B06 /* Build configuration list for PBXNativeTarget "WeatherTests" */;
			buildPhases = (
				623E0ED42BDFC1FD00D79B06 /* Sources */,
				623E0ED52BDFC1FD00D79B06 /* Frameworks */,
				623E0ED62BDFC1FD00D79B06 /* Resources */,
			);
			buildRules = (
			);
			dependencies = (
				623E0EDA2BDFC1FD00D79B06 /* PBXTargetDependency */,
			);
			name = WeatherTests;
			productName = WeatherTests;
			productReference = 623E0ED82BDFC1FD00D79B06 /* WeatherTests.xctest */;
			productType = "com.apple.product-type.bundle.unit-test";
		};
/* End PBXNativeTarget section */

/* Begin PBXProject section */
		623E0EB72BDFC1FB00D79B06 /* Project object */ = {
			isa = PBXProject;
			attributes = {
				BuildIndependentTargetsInParallel = 1;
				LastSwiftUpdateCheck = 1520;
				LastUpgradeCheck = 1520;
				TargetAttributes = {
					623E0EBE2BDFC1FB00D79B06 = {
						CreatedOnToolsVersion = 15.2;
					};
					623E0ED72BDFC1FD00D79B06 = {
						CreatedOnToolsVersion = 15.2;
						TestTargetID = 623E0EBE2BDFC1FB00D79B06;
					};
				};
			};
			buildConfigurationList = 623E0EBA2BDFC1FB00D79B06 /* Build configuration list for PBXProject "Weather" */;
			compatibilityVersion = "Xcode 14.0";
			developmentRegion = en;
			hasScannedForEncodings = 0;
			knownRegions = (
				en,
				Base,
			);
			mainGroup = 623E0EB62BDFC1FB00D79B06;
			packageReferences = (
				6260DB362BE26BA5006EB110 /* XCRemoteSwiftPackageReference "Moya" */,
				62216FBA2BE28C9800FA68BE /* XCRemoteSwiftPackageReference "KeychainAccess" */,
			);
			productRefGroup = 623E0EC02BDFC1FC00D79B06 /* Products */;
			projectDirPath = "";
			projectRoot = "";
			targets = (
				623E0EBE2BDFC1FB00D79B06 /* Weather */,
				623E0ED72BDFC1FD00D79B06 /* WeatherTests */,
			);
		};
/* End PBXProject section */

/* Begin PBXResourcesBuildPhase section */
		623E0EBD2BDFC1FB00D79B06 /* Resources */ = {
			isa = PBXResourcesBuildPhase;
			buildActionMask = 2147483647;
			files = (
				623E0ECF2BDFC1FC00D79B06 /* Assets.xcassets in Resources */,
			);
			runOnlyForDeploymentPostprocessing = 0;
		};
		623E0ED62BDFC1FD00D79B06 /* Resources */ = {
			isa = PBXResourcesBuildPhase;
			buildActionMask = 2147483647;
			files = (
			);
			runOnlyForDeploymentPostprocessing = 0;
		};
/* End PBXResourcesBuildPhase section */

/* Begin PBXSourcesBuildPhase section */
		623E0EBB2BDFC1FB00D79B06 /* Sources */ = {
			isa = PBXSourcesBuildPhase;
			buildActionMask = 2147483647;
			files = (
				62216FC22BE4025F00FA68BE /* CoreDataStack.swift in Sources */,
				62216FC92BE4FD3900FA68BE /* WeatherViewModel.swift in Sources */,
				62216FC72BE4FD2A00FA68BE /* WeatherViewController.swift in Sources */,
				62216FC42BE4028500FA68BE /* DataManager.swift in Sources */,
				6260DB352BE26B53006EB110 /* NetworkService.swift in Sources */,
				623E0EFF2BDFC74100D79B06 /* ShowAlert.swift in Sources */,
				62216FC02BE2E93C00FA68BE /* WeatherTableViewCell.swift in Sources */,
				6252BDE22BE71106009C15C7 /* DailyTableViewCell.swift in Sources */,
				623E0F092BDFE90D00D79B06 /* SplashScreenBuilder.swift in Sources */,
				623E0F0B2BDFEB7800D79B06 /* HomeViewModel.swift in Sources */,
				62216FB72BE2848E00FA68BE /* WeatherAPI.swift in Sources */,
				62216FD02BE5144B00FA68BE /* WeatherModel.swift in Sources */,
				623E0ECD2BDFC1FC00D79B06 /* Weather.xcdatamodeld in Sources */,
				62216FCB2BE4FD4700FA68BE /* WeatherScreenBuilder.swift in Sources */,
				623E0EC32BDFC1FC00D79B06 /* AppDelegate.swift in Sources */,
				623E0F012BDFC7AE00D79B06 /* SplashViewModel.swift in Sources */,
				62216FBE2BE28FAF00FA68BE /* HomeModel.swift in Sources */,
				623E0F0D2BDFEBE800D79B06 /* HomeScreenBuilder.swift in Sources */,
				623E0EC52BDFC1FC00D79B06 /* SceneDelegate.swift in Sources */,
				6252BDE72BE8F45A009C15C7 /* Extensions.swift in Sources */,
				623E0F042BDFE73200D79B06 /* HomeViewController.swift in Sources */,
				623E0EFB2BDFC2EB00D79B06 /* SplashViewController.swift in Sources */,
				62216FCE2BE512C000FA68BE /* HourlyCollectionViewCell.swift in Sources */,
				6252BDE52BE8DE88009C15C7 /* LoadingView.swift in Sources */,
			);
			runOnlyForDeploymentPostprocessing = 0;
		};
		623E0ED42BDFC1FD00D79B06 /* Sources */ = {
			isa = PBXSourcesBuildPhase;
			buildActionMask = 2147483647;
			files = (
				623E0EDD2BDFC1FD00D79B06 /* WeatherTests.swift in Sources */,
			);
			runOnlyForDeploymentPostprocessing = 0;
		};
/* End PBXSourcesBuildPhase section */

/* Begin PBXTargetDependency section */
		623E0EDA2BDFC1FD00D79B06 /* PBXTargetDependency */ = {
			isa = PBXTargetDependency;
			target = 623E0EBE2BDFC1FB00D79B06 /* Weather */;
			targetProxy = 623E0ED92BDFC1FD00D79B06 /* PBXContainerItemProxy */;
		};
/* End PBXTargetDependency section */

/* Begin XCBuildConfiguration section */
		623E0EEA2BDFC1FD00D79B06 /* Debug */ = {
			isa = XCBuildConfiguration;
			buildSettings = {
				ALWAYS_SEARCH_USER_PATHS = NO;
				ASSETCATALOG_COMPILER_GENERATE_SWIFT_ASSET_SYMBOL_EXTENSIONS = YES;
				CLANG_ANALYZER_NONNULL = YES;
				CLANG_ANALYZER_NUMBER_OBJECT_CONVERSION = YES_AGGRESSIVE;
				CLANG_CXX_LANGUAGE_STANDARD = "gnu++20";
				CLANG_ENABLE_MODULES = YES;
				CLANG_ENABLE_OBJC_ARC = YES;
				CLANG_ENABLE_OBJC_WEAK = YES;
				CLANG_WARN_BLOCK_CAPTURE_AUTORELEASING = YES;
				CLANG_WARN_BOOL_CONVERSION = YES;
				CLANG_WARN_COMMA = YES;
				CLANG_WARN_CONSTANT_CONVERSION = YES;
				CLANG_WARN_DEPRECATED_OBJC_IMPLEMENTATIONS = YES;
				CLANG_WARN_DIRECT_OBJC_ISA_USAGE = YES_ERROR;
				CLANG_WARN_DOCUMENTATION_COMMENTS = YES;
				CLANG_WARN_EMPTY_BODY = YES;
				CLANG_WARN_ENUM_CONVERSION = YES;
				CLANG_WARN_INFINITE_RECURSION = YES;
				CLANG_WARN_INT_CONVERSION = YES;
				CLANG_WARN_NON_LITERAL_NULL_CONVERSION = YES;
				CLANG_WARN_OBJC_IMPLICIT_RETAIN_SELF = YES;
				CLANG_WARN_OBJC_LITERAL_CONVERSION = YES;
				CLANG_WARN_OBJC_ROOT_CLASS = YES_ERROR;
				CLANG_WARN_QUOTED_INCLUDE_IN_FRAMEWORK_HEADER = YES;
				CLANG_WARN_RANGE_LOOP_ANALYSIS = YES;
				CLANG_WARN_STRICT_PROTOTYPES = YES;
				CLANG_WARN_SUSPICIOUS_MOVE = YES;
				CLANG_WARN_UNGUARDED_AVAILABILITY = YES_AGGRESSIVE;
				CLANG_WARN_UNREACHABLE_CODE = YES;
				CLANG_WARN__DUPLICATE_METHOD_MATCH = YES;
				COPY_PHASE_STRIP = NO;
				DEBUG_INFORMATION_FORMAT = dwarf;
				ENABLE_STRICT_OBJC_MSGSEND = YES;
				ENABLE_TESTABILITY = YES;
				ENABLE_USER_SCRIPT_SANDBOXING = YES;
				GCC_C_LANGUAGE_STANDARD = gnu17;
				GCC_DYNAMIC_NO_PIC = NO;
				GCC_NO_COMMON_BLOCKS = YES;
				GCC_OPTIMIZATION_LEVEL = 0;
				GCC_PREPROCESSOR_DEFINITIONS = (
					"DEBUG=1",
					"$(inherited)",
				);
				GCC_WARN_64_TO_32_BIT_CONVERSION = YES;
				GCC_WARN_ABOUT_RETURN_TYPE = YES_ERROR;
				GCC_WARN_UNDECLARED_SELECTOR = YES;
				GCC_WARN_UNINITIALIZED_AUTOS = YES_AGGRESSIVE;
				GCC_WARN_UNUSED_FUNCTION = YES;
				GCC_WARN_UNUSED_VARIABLE = YES;
				IPHONEOS_DEPLOYMENT_TARGET = 17.2;
				LOCALIZATION_PREFERS_STRING_CATALOGS = YES;
				MTL_ENABLE_DEBUG_INFO = INCLUDE_SOURCE;
				MTL_FAST_MATH = YES;
				ONLY_ACTIVE_ARCH = YES;
				SDKROOT = iphoneos;
				SWIFT_ACTIVE_COMPILATION_CONDITIONS = "DEBUG $(inherited)";
				SWIFT_OPTIMIZATION_LEVEL = "-Onone";
			};
			name = Debug;
		};
		623E0EEB2BDFC1FD00D79B06 /* Release */ = {
			isa = XCBuildConfiguration;
			buildSettings = {
				ALWAYS_SEARCH_USER_PATHS = NO;
				ASSETCATALOG_COMPILER_GENERATE_SWIFT_ASSET_SYMBOL_EXTENSIONS = YES;
				CLANG_ANALYZER_NONNULL = YES;
				CLANG_ANALYZER_NUMBER_OBJECT_CONVERSION = YES_AGGRESSIVE;
				CLANG_CXX_LANGUAGE_STANDARD = "gnu++20";
				CLANG_ENABLE_MODULES = YES;
				CLANG_ENABLE_OBJC_ARC = YES;
				CLANG_ENABLE_OBJC_WEAK = YES;
				CLANG_WARN_BLOCK_CAPTURE_AUTORELEASING = YES;
				CLANG_WARN_BOOL_CONVERSION = YES;
				CLANG_WARN_COMMA = YES;
				CLANG_WARN_CONSTANT_CONVERSION = YES;
				CLANG_WARN_DEPRECATED_OBJC_IMPLEMENTATIONS = YES;
				CLANG_WARN_DIRECT_OBJC_ISA_USAGE = YES_ERROR;
				CLANG_WARN_DOCUMENTATION_COMMENTS = YES;
				CLANG_WARN_EMPTY_BODY = YES;
				CLANG_WARN_ENUM_CONVERSION = YES;
				CLANG_WARN_INFINITE_RECURSION = YES;
				CLANG_WARN_INT_CONVERSION = YES;
				CLANG_WARN_NON_LITERAL_NULL_CONVERSION = YES;
				CLANG_WARN_OBJC_IMPLICIT_RETAIN_SELF = YES;
				CLANG_WARN_OBJC_LITERAL_CONVERSION = YES;
				CLANG_WARN_OBJC_ROOT_CLASS = YES_ERROR;
				CLANG_WARN_QUOTED_INCLUDE_IN_FRAMEWORK_HEADER = YES;
				CLANG_WARN_RANGE_LOOP_ANALYSIS = YES;
				CLANG_WARN_STRICT_PROTOTYPES = YES;
				CLANG_WARN_SUSPICIOUS_MOVE = YES;
				CLANG_WARN_UNGUARDED_AVAILABILITY = YES_AGGRESSIVE;
				CLANG_WARN_UNREACHABLE_CODE = YES;
				CLANG_WARN__DUPLICATE_METHOD_MATCH = YES;
				COPY_PHASE_STRIP = NO;
				DEBUG_INFORMATION_FORMAT = "dwarf-with-dsym";
				ENABLE_NS_ASSERTIONS = NO;
				ENABLE_STRICT_OBJC_MSGSEND = YES;
				ENABLE_USER_SCRIPT_SANDBOXING = YES;
				GCC_C_LANGUAGE_STANDARD = gnu17;
				GCC_NO_COMMON_BLOCKS = YES;
				GCC_WARN_64_TO_32_BIT_CONVERSION = YES;
				GCC_WARN_ABOUT_RETURN_TYPE = YES_ERROR;
				GCC_WARN_UNDECLARED_SELECTOR = YES;
				GCC_WARN_UNINITIALIZED_AUTOS = YES_AGGRESSIVE;
				GCC_WARN_UNUSED_FUNCTION = YES;
				GCC_WARN_UNUSED_VARIABLE = YES;
				IPHONEOS_DEPLOYMENT_TARGET = 17.2;
				LOCALIZATION_PREFERS_STRING_CATALOGS = YES;
				MTL_ENABLE_DEBUG_INFO = NO;
				MTL_FAST_MATH = YES;
				SDKROOT = iphoneos;
				SWIFT_COMPILATION_MODE = wholemodule;
				VALIDATE_PRODUCT = YES;
			};
			name = Release;
		};
		623E0EED2BDFC1FD00D79B06 /* Debug */ = {
			isa = XCBuildConfiguration;
			buildSettings = {
				ASSETCATALOG_COMPILER_APPICON_NAME = AppIcon;
				ASSETCATALOG_COMPILER_GLOBAL_ACCENT_COLOR_NAME = AccentColor;
				CODE_SIGN_STYLE = Automatic;
				CURRENT_PROJECT_VERSION = 1;
				DEVELOPMENT_TEAM = 8X8P7X3D8N;
				GENERATE_INFOPLIST_FILE = YES;
				INFOPLIST_FILE = Weather/App/Info.plist;
				INFOPLIST_KEY_UIApplicationSupportsIndirectInputEvents = YES;
				INFOPLIST_KEY_UILaunchStoryboardName = LaunchScreen;
				INFOPLIST_KEY_UISupportedInterfaceOrientations = UIInterfaceOrientationPortrait;
				INFOPLIST_KEY_UISupportedInterfaceOrientations_iPad = "UIInterfaceOrientationLandscapeLeft UIInterfaceOrientationLandscapeRight UIInterfaceOrientationPortrait UIInterfaceOrientationPortraitUpsideDown";
				INFOPLIST_KEY_UIUserInterfaceStyle = Dark;
				LD_RUNPATH_SEARCH_PATHS = (
					"$(inherited)",
					"@executable_path/Frameworks",
				);
				MARKETING_VERSION = 1.0;
				PRODUCT_BUNDLE_IDENTIFIER = com.bprldr.Weather;
				PRODUCT_NAME = "$(TARGET_NAME)";
				SUPPORTED_PLATFORMS = "iphoneos iphonesimulator";
				SUPPORTS_MACCATALYST = NO;
				SUPPORTS_MAC_DESIGNED_FOR_IPHONE_IPAD = NO;
				SUPPORTS_XR_DESIGNED_FOR_IPHONE_IPAD = NO;
				SWIFT_EMIT_LOC_STRINGS = YES;
				SWIFT_VERSION = 5.0;
				TARGETED_DEVICE_FAMILY = 1;
			};
			name = Debug;
		};
		623E0EEE2BDFC1FD00D79B06 /* Release */ = {
			isa = XCBuildConfiguration;
			buildSettings = {
				ASSETCATALOG_COMPILER_APPICON_NAME = AppIcon;
				ASSETCATALOG_COMPILER_GLOBAL_ACCENT_COLOR_NAME = AccentColor;
				CODE_SIGN_STYLE = Automatic;
				CURRENT_PROJECT_VERSION = 1;
				DEVELOPMENT_TEAM = 8X8P7X3D8N;
				GENERATE_INFOPLIST_FILE = YES;
				INFOPLIST_FILE = Weather/App/Info.plist;
				INFOPLIST_KEY_UIApplicationSupportsIndirectInputEvents = YES;
				INFOPLIST_KEY_UILaunchStoryboardName = LaunchScreen;
				INFOPLIST_KEY_UISupportedInterfaceOrientations = UIInterfaceOrientationPortrait;
				INFOPLIST_KEY_UISupportedInterfaceOrientations_iPad = "UIInterfaceOrientationLandscapeLeft UIInterfaceOrientationLandscapeRight UIInterfaceOrientationPortrait UIInterfaceOrientationPortraitUpsideDown";
				INFOPLIST_KEY_UIUserInterfaceStyle = Dark;
				LD_RUNPATH_SEARCH_PATHS = (
					"$(inherited)",
					"@executable_path/Frameworks",
				);
				MARKETING_VERSION = 1.0;
				PRODUCT_BUNDLE_IDENTIFIER = com.bprldr.Weather;
				PRODUCT_NAME = "$(TARGET_NAME)";
				SUPPORTED_PLATFORMS = "iphoneos iphonesimulator";
				SUPPORTS_MACCATALYST = NO;
				SUPPORTS_MAC_DESIGNED_FOR_IPHONE_IPAD = NO;
				SUPPORTS_XR_DESIGNED_FOR_IPHONE_IPAD = NO;
				SWIFT_EMIT_LOC_STRINGS = YES;
				SWIFT_VERSION = 5.0;
				TARGETED_DEVICE_FAMILY = 1;
			};
			name = Release;
		};
		623E0EF02BDFC1FD00D79B06 /* Debug */ = {
			isa = XCBuildConfiguration;
			buildSettings = {
				ALWAYS_EMBED_SWIFT_STANDARD_LIBRARIES = YES;
				BUNDLE_LOADER = "$(TEST_HOST)";
				CODE_SIGN_STYLE = Automatic;
				CURRENT_PROJECT_VERSION = 1;
				DEVELOPMENT_TEAM = 8X8P7X3D8N;
				GENERATE_INFOPLIST_FILE = YES;
				IPHONEOS_DEPLOYMENT_TARGET = 17.2;
				MARKETING_VERSION = 1.0;
				PRODUCT_BUNDLE_IDENTIFIER = com.bprldr.WeatherTests;
				PRODUCT_NAME = "$(TARGET_NAME)";
				SWIFT_EMIT_LOC_STRINGS = NO;
				SWIFT_VERSION = 5.0;
				TARGETED_DEVICE_FAMILY = "1,2";
				TEST_HOST = "$(BUILT_PRODUCTS_DIR)/Weather.app/$(BUNDLE_EXECUTABLE_FOLDER_PATH)/Weather";
			};
			name = Debug;
		};
		623E0EF12BDFC1FD00D79B06 /* Release */ = {
			isa = XCBuildConfiguration;
			buildSettings = {
				ALWAYS_EMBED_SWIFT_STANDARD_LIBRARIES = YES;
				BUNDLE_LOADER = "$(TEST_HOST)";
				CODE_SIGN_STYLE = Automatic;
				CURRENT_PROJECT_VERSION = 1;
				DEVELOPMENT_TEAM = 8X8P7X3D8N;
				GENERATE_INFOPLIST_FILE = YES;
				IPHONEOS_DEPLOYMENT_TARGET = 17.2;
				MARKETING_VERSION = 1.0;
				PRODUCT_BUNDLE_IDENTIFIER = com.bprldr.WeatherTests;
				PRODUCT_NAME = "$(TARGET_NAME)";
				SWIFT_EMIT_LOC_STRINGS = NO;
				SWIFT_VERSION = 5.0;
				TARGETED_DEVICE_FAMILY = "1,2";
				TEST_HOST = "$(BUILT_PRODUCTS_DIR)/Weather.app/$(BUNDLE_EXECUTABLE_FOLDER_PATH)/Weather";
			};
			name = Release;
		};
/* End XCBuildConfiguration section */

/* Begin XCConfigurationList section */
		623E0EBA2BDFC1FB00D79B06 /* Build configuration list for PBXProject "Weather" */ = {
			isa = XCConfigurationList;
			buildConfigurations = (
				623E0EEA2BDFC1FD00D79B06 /* Debug */,
				623E0EEB2BDFC1FD00D79B06 /* Release */,
			);
			defaultConfigurationIsVisible = 0;
			defaultConfigurationName = Release;
		};
		623E0EEC2BDFC1FD00D79B06 /* Build configuration list for PBXNativeTarget "Weather" */ = {
			isa = XCConfigurationList;
			buildConfigurations = (
				623E0EED2BDFC1FD00D79B06 /* Debug */,
				623E0EEE2BDFC1FD00D79B06 /* Release */,
			);
			defaultConfigurationIsVisible = 0;
			defaultConfigurationName = Release;
		};
		623E0EEF2BDFC1FD00D79B06 /* Build configuration list for PBXNativeTarget "WeatherTests" */ = {
			isa = XCConfigurationList;
			buildConfigurations = (
				623E0EF02BDFC1FD00D79B06 /* Debug */,
				623E0EF12BDFC1FD00D79B06 /* Release */,
			);
			defaultConfigurationIsVisible = 0;
			defaultConfigurationName = Release;
		};
/* End XCConfigurationList section */

/* Begin XCRemoteSwiftPackageReference section */
		62216FBA2BE28C9800FA68BE /* XCRemoteSwiftPackageReference "KeychainAccess" */ = {
			isa = XCRemoteSwiftPackageReference;
			repositoryURL = "https://github.com/kishikawakatsumi/KeychainAccess";
			requirement = {
				branch = master;
				kind = branch;
			};
		};
		6260DB362BE26BA5006EB110 /* XCRemoteSwiftPackageReference "Moya" */ = {
			isa = XCRemoteSwiftPackageReference;
			repositoryURL = "https://github.com/Moya/Moya";
			requirement = {
				kind = upToNextMajorVersion;
				minimumVersion = 15.0.3;
			};
		};
/* End XCRemoteSwiftPackageReference section */

/* Begin XCSwiftPackageProductDependency section */
		62216FBB2BE28C9800FA68BE /* KeychainAccess */ = {
			isa = XCSwiftPackageProductDependency;
			package = 62216FBA2BE28C9800FA68BE /* XCRemoteSwiftPackageReference "KeychainAccess" */;
			productName = KeychainAccess;
		};
		6260DB372BE26BA5006EB110 /* CombineMoya */ = {
			isa = XCSwiftPackageProductDependency;
			package = 6260DB362BE26BA5006EB110 /* XCRemoteSwiftPackageReference "Moya" */;
			productName = CombineMoya;
		};
		6260DB392BE26BA5006EB110 /* Moya */ = {
			isa = XCSwiftPackageProductDependency;
			package = 6260DB362BE26BA5006EB110 /* XCRemoteSwiftPackageReference "Moya" */;
			productName = Moya;
		};
		6260DB3B2BE26BA5006EB110 /* ReactiveMoya */ = {
			isa = XCSwiftPackageProductDependency;
			package = 6260DB362BE26BA5006EB110 /* XCRemoteSwiftPackageReference "Moya" */;
			productName = ReactiveMoya;
		};
		6260DB3D2BE26BA5006EB110 /* RxMoya */ = {
			isa = XCSwiftPackageProductDependency;
			package = 6260DB362BE26BA5006EB110 /* XCRemoteSwiftPackageReference "Moya" */;
			productName = RxMoya;
		};
/* End XCSwiftPackageProductDependency section */

/* Begin XCVersionGroup section */
		623E0ECB2BDFC1FC00D79B06 /* Weather.xcdatamodeld */ = {
			isa = XCVersionGroup;
			children = (
				623E0ECC2BDFC1FC00D79B06 /* Weather.xcdatamodel */,
			);
			currentVersion = 623E0ECC2BDFC1FC00D79B06 /* Weather.xcdatamodel */;
			path = Weather.xcdatamodeld;
			sourceTree = "<group>";
			versionGroupType = wrapper.xcdatamodel;
		};
/* End XCVersionGroup section */
	};
	rootObject = 623E0EB72BDFC1FB00D79B06 /* Project object */;
}
